[{
  "_id": {
    "$oid": "6912d90919528baecc0bc20d"
  },
  "title": "The Dark Knight",
  "genre": "Action, Drama",
  "language": "English",
  "duration": 152,
  "rating": 9,
  "description": "When the menace known as the Joker wreaks havoc and chaos on the people of Gotham, Batman must accept one of the greatest psychological and physical tests of his ability to fight injustice.",
  "posterUrl": "https://image.tmdb.org/t/p/w500/qJ2tW6WMUDux911r6m7haRef0WH.jpg",
  "bookings": [],
  "shows": [],
  "__v": 0
},
{
  "_id": {
    "$oid": "68d4298112a8ac19e379b171"
  },
  "title": "Animal",
  "genre": "Action/Drama",
  "duration": "2h 30m",
  "rating": 8.5,
  "description": "A story of family and revenge",
  "showTimes": [
    "10:00 AM",
    "2:00 PM",
    "6:00 PM",
    "9:30 PM"
  ],
  "posterUrl": "https://static1.showtimes.com/poster/660x980/animal-174150.jpg"
},
{
  "_id": {
    "$oid": "68d4298112a8ac19e379b172"
  },
  "title": "Dunki",
  "genre": "Comedy/Drama",
  "duration": "2h 15m",
  "rating": 7.8,
  "description": "A story about immigration",
  "showTimes": [
    "11:00 AM",
    "3:00 PM",
    "7:00 PM",
    "10:30 PM"
  ],
  "posterUrl": "https://stat5.bollywoodhungama.in/wp-content/uploads/2021/01/Dunki-2.jpg"
},
{
  "_id": {
    "$oid": "68d4298112a8ac19e379b173"
  },
  "title": "Jawan",
  "genre": "Action/Thriller",
  "duration": "2h 49m",
  "rating": 8.2,
  "poster": "jawan.jpg",
  "description": "A man driven by justice",
  "showTimes": [
    "10:30 AM",
    "1:30 PM",
    "4:30 PM",
    "8:00 PM"
  ]
},
{
  "_id": {
    "$oid": "68d4298112a8ac19e379b174"
  },
  "title": "Pathaan",
  "genre": "Action/Spy",
  "duration": "2h 26m",
  "rating": 8,
  "poster": "pathaan.jpg",
  "description": "RAW agent's thrilling mission",
  "showTimes": [
    "9:30 AM",
    "12:30 PM",
    "3:30 PM",
    "6:30 PM"
  ]
},
{
  "_id": {
    "$oid": "68d4298112a8ac19e379b175"
  },
  "title": "Gadar 2",
  "genre": "Action/Drama",
  "duration": "2h 50m",
  "rating": 7.5,
  "poster": "gadar2.jpg",
  "description": "Sequel to the iconic love story",
  "showTimes": [
    "11:30 AM",
    "2:30 PM",
    "5:30 PM",
    "9:00 PM"
  ]
},
{
  "_id": {
    "$oid": "68d4298112a8ac19e379b176"
  },
  "title": "OMG 2",
  "genre": "Drama/Comedy",
  "duration": "2h 36m",
  "rating": 8.3,
  "poster": "omg2.jpg",
  "description": "Sequel about sex education",
  "showTimes": [
    "10:00 AM",
    "1:00 PM",
    "4:00 PM",
    "7:30 PM"
  ]
},
{
  "_id": {
    "$oid": "68d4298112a8ac19e379b177"
  },
  "title": "The Kerala Story",
  "genre": "Drama/Thriller",
  "duration": "2h 18m",
  "rating": 7.2,
  "poster": "kerala-story.jpg",
  "description": "Based on true events",
  "showTimes": [
    "12:00 PM",
    "3:00 PM",
    "6:00 PM",
    "9:30 PM"
  ]
},
{
  "_id": {
    "$oid": "68d4298112a8ac19e379b178"
  },
  "title": "12th Fail",
  "genre": "Drama/Biography",
  "duration": "2h 27m",
  "rating": 9.1,
  "poster": "12th-fail.jpg",
  "description": "Inspiring true story of IPS officer",
  "showTimes": [
    "9:00 AM",
    "12:00 PM",
    "3:30 PM",
    "7:00 PM"
  ]
},
{
  "_id": {
    "$oid": "68d4298112a8ac19e379b179"
  },
  "title": "Salaar",
  "genre": "Action/Thriller",
  "duration": "2h 55m",
  "rating": 8.4,
  "poster": "salaar.jpg",
  "description": "Story of a violent gangster",
  "showTimes": [
    "10:00 AM",
    "1:30 PM",
    "5:00 PM",
    "8:30 PM"
  ]
},
{
  "_id": {
    "$oid": "68d4298112a8ac19e379b17a"
  },
  "title": "Tiger 3",
  "genre": "Action/Spy",
  "duration": "2h 36m",
  "rating": 7.9,
  "poster": "tiger3.jpg",
  "description": "RAW agent Tiger's new mission",
  "showTimes": [
    "11:00 AM",
    "2:00 PM",
    "5:30 PM",
    "9:00 PM"
  ]
},
{
  "_id": {
    "$oid": "68d4298112a8ac19e379b17b"
  },
  "title": "Fighter",
  "genre": "Action/Drama",
  "duration": "2h 46m",
  "rating": 8.1,
  "poster": "fighter.jpg",
  "description": "Indian Air Force officers' story",
  "showTimes": [
    "10:30 AM",
    "1:30 PM",
    "4:30 PM",
    "8:00 PM"
  ]
},
{
  "_id": {
    "$oid": "68d4298112a8ac19e379b17c"
  },
  "title": "Sam Bahadur",
  "genre": "Biography/War",
  "duration": "2h 30m",
  "rating": 7.7,
  "poster": "sam-bahadur.jpg",
  "description": "Biography of Field Marshal Sam Manekshaw",
  "showTimes": [
    "9:30 AM",
    "12:30 PM",
    "3:30 PM",
    "6:30 PM"
  ]
},
{
  "_id": {
    "$oid": "68d4298112a8ac19e379b17d"
  },
  "title": "Animal Park",
  "genre": "Action/Crime",
  "duration": "2h 45m",
  "rating": 8.6,
  "poster": "animal-park.jpg",
  "description": "Sequel to Animal",
  "showTimes": [
    "11:00 AM",
    "2:30 PM",
    "6:00 PM",
    "9:30 PM"
  ]
},
{
  "_id": {
    "$oid": "68d4298112a8ac19e379b17e"
  },
  "title": "Meri Patni",
  "genre": "Romance/Drama",
  "duration": "2h 15m",
  "rating": 7.4,
  "poster": "meri-patni.jpg",
  "description": "Love story of a middle-class couple",
  "showTimes": [
    "10:00 AM",
    "1:00 PM",
    "4:00 PM",
    "7:00 PM"
  ]
},
{
  "_id": {
    "$oid": "68d4298112a8ac19e379b17f"
  },
  "title": "Shaitaan",
  "genre": "Horror/Thriller",
  "duration": "2h 12m",
  "rating": 7.8,
  "poster": "shaitaan.jpg",
  "description": "Supernatural horror thriller",
  "showTimes": [
    "2:00 PM",
    "5:00 PM",
    "8:00 PM",
    "11:00 PM"
  ]
},
{
  "_id": {
    "$oid": "691aabf5355fd3db1f8bfe59"
  },
  "title": "Jawan",
  "genre": "Action, Thriller",
  "language": "Hindi",
  "duration": 150,
  "rating": 7.2,
  "description": "A man is driven by a personal vendetta to rectify the wrongs in society, while keeping a promise made years ago. He comes face to face with his mirror image - a law enforcement officer determined to take him down.",
  "posterUrl": "https://image.tmdb.org/t/p/w500/z1p34vh7dEOnImy0j4F8Xe3dYxx.jpg"
},
{
  "_id": {
    "$oid": "691aabf5355fd3db1f8bfe5a"
  },
  "title": "Pathaan",
  "genre": "Action, Thriller",
  "language": "Hindi",
  "duration": 150,
  "rating": 6.9,
  "description": "A soldier caught by enemies and presumed dead comes back to complete his mission, accompanied by old friends and foes.",
  "posterUrl": "https://image.tmdb.org/t/p/w500/4Y1FHcryqWQzEQHxqV8j1N2r4cF.jpg"
},
{
  "_id": {
    "$oid": "691aabf5355fd3db1f8bfe5b"
  },
  "title": "Salaar: Part 1 - Ceasefire",
  "genre": "Action, Drama",
  "language": "Telugu",
  "duration": 150,
  "rating": 6.9,
  "description": "A gang leader tries to keep a promise made to his dying friend and takes on the other criminal gangs.",
  "posterUrl": "https://image.tmdb.org/t/p/w500/z8JpnWe5p1en0y2k5c0Z8t3x9QN.jpg"
},
{
  "_id": {
    "$oid": "691aabf5355fd3db1f8bfe5c"
  },
  "title": "Animal",
  "genre": "Action, Crime",
  "language": "Hindi",
  "duration": 150,
  "rating": 6.9,
  "description": "A son undergoes a remarkable transformation as the bond with his father begins to fracture, and he becomes consumed by a quest for vengeance.",
  "posterUrl": "https://image.tmdb.org/t/p/w500/5gzzvwP8uM3Fy7j9UJ8x3qN2vK4.jpg"
},
{
  "_id": {
    "$oid": "691aabf5355fd3db1f8bfe5d"
  },
  "title": "12th Fail",
  "genre": "Drama, Biography",
  "language": "Hindi",
  "duration": 150,
  "rating": 8.9,
  "description": "The real-life story of IPS Officer Manoj Kumar Sharma who fearlessly embraced the idea of restarting his academic journey and reclaiming his destiny at a place where millions of students attempt the world's toughest competitive exam: UPSC.",
  "posterUrl": "https://image.tmdb.org/t/p/w500/6Q7awBz8k4XlLNSxrN3hN3z5vK8.jpg"
},
{
  "_id": {
    "$oid": "691aabf5355fd3db1f8bfe5e"
  },
  "title": "The Dark Knight",
  "genre": "Action, Drama, Crime",
  "language": "English",
  "duration": 152,
  "rating": 9,
  "description": "When the menace known as the Joker wreaks havoc and chaos on the people of Gotham, Batman must accept one of the greatest psychological and physical tests of his ability to fight injustice.",
  "posterUrl": "https://image.tmdb.org/t/p/w500/qJ2tW6WMUDux911r6m7haRef0WH.jpg"
},
{
  "_id": {
    "$oid": "691aabf5355fd3db1f8bfe5f"
  },
  "title": "Inception",
  "genre": "Action, Sci-Fi, Thriller",
  "language": "English",
  "duration": 148,
  "rating": 8.8,
  "description": "A thief who steals corporate secrets through the use of dream-sharing technology is given the inverse task of planting an idea into the mind of a C.E.O.",
  "posterUrl": "https://image.tmdb.org/t/p/w500/9gk7adHYeDvHkCSEqAvQNLV5Uge.jpg"
},
{
  "_id": {
    "$oid": "691aabf5355fd3db1f8bfe60"
  },
  "title": "Interstellar",
  "genre": "Adventure, Drama, Sci-Fi",
  "language": "English",
  "duration": 169,
  "rating": 8.6,
  "description": "A team of explorers travel through a wormhole in space in an attempt to ensure humanity's survival.",
  "posterUrl": "https://image.tmdb.org/t/p/w500/gEU2QniE6E77NI6lCU6MxlNBvIx.jpg"
},
{
  "_id": {
    "$oid": "691aabf5355fd3db1f8bfe61"
  },
  "title": "3 Idiots",
  "genre": "Comedy, Drama",
  "language": "Hindi",
  "duration": 170,
  "rating": 8.4,
  "description": "Three idiots, friends at an engineering college, learn life lessons while challenging the system.",
  "posterUrl": "https://image.tmdb.org/t/p/w500/66aPp1n6KzdHqZX2u6g1k4i7zVx.jpg"
},
{
  "_id": {
    "$oid": "691aabf5355fd3db1f8bfe62"
  },
  "title": "Dangal",
  "genre": "Action, Biography, Drama",
  "language": "Hindi",
  "duration": 161,
  "rating": 8.3,
  "description": "Former wrestler Mahavir Singh Phogat and his two wrestler daughters struggle towards glory at the Commonwealth Games in the face of societal oppression.",
  "posterUrl": "https://image.tmdb.org/t/p/w500/l0U4M5qYbqF5Ll3dUaDdZ1T9JpK.jpg"
},
{
  "_id": {
    "$oid": "691aabf5355fd3db1f8bfe63"
  },
  "title": "Baahubali 2: The Conclusion",
  "genre": "Action, Drama, Fantasy",
  "language": "Telugu",
  "duration": 167,
  "rating": 8.2,
  "description": "When Shiva, the son of Bahubali, learns about his heritage, he begins to look for answers. His story is juxtaposed with past events that unfolded in the Mahishmati Kingdom.",
  "posterUrl": "https://image.tmdb.org/t/p/w500/y4sBr8v8l0jN1q4q0q4q0q4q0q4.jpg"
},
{
  "_id": {
    "$oid": "691aabf5355fd3db1f8bfe64"
  },
  "title": "RRR",
  "genre": "Action, Drama",
  "language": "Telugu",
  "duration": 187,
  "rating": 7.8,
  "description": "A fictional story about two legendary revolutionaries and their journey away from home before they started fighting for their country in 1920s.",
  "posterUrl": "https://image.tmdb.org/t/p/w500/5t8xQ5n7rq3oZ6q4q4q4q4q4q4.jpg"
},
{
  "_id": {
    "$oid": "691aabf5355fd3db1f8bfe65"
  },
  "title": "KGF: Chapter 2",
  "genre": "Action, Crime, Drama",
  "language": "Kannada",
  "duration": 168,
  "rating": 7.5,
  "description": "The blood-soaked land of Kolar Gold Fields has a new overlord now, Rocky, whose name strikes fear in the heart of his foes. His allies look up to him as their savior.",
  "posterUrl": "https://image.tmdb.org/t/p/w500/p1Y5UgctP3ow90c3d93T6H2pmR6.jpg"
},
{
  "_id": {
    "$oid": "691aabf5355fd3db1f8bfe66"
  },
  "title": "Pushpa: The Rise",
  "genre": "Action, Crime, Drama",
  "language": "Telugu",
  "duration": 179,
  "rating": 7.2,
  "description": "A laborer rises through the ranks of a red sandalwood smuggling syndicate, making some powerful enemies in the process.",
  "posterUrl": "https://image.tmdb.org/t/p/w500/1n7ZGr6WeDOW4wGi60lzUr3Zpoe.jpg"
},
{
  "_id": {
    "$oid": "691aabf5355fd3db1f8bfe67"
  },
  "title": "Avatar",
  "genre": "Action, Adventure, Fantasy",
  "language": "English",
  "duration": 162,
  "rating": 7.8,
  "description": "A paraplegic Marine dispatched to the moon Pandora on a unique mission becomes torn between following his orders and protecting the world he feels is his home.",
  "posterUrl": "https://image.tmdb.org/t/p/w500/jRXYjXNq0Cs2TcJjLkki24LpzW5.jpg"
},
{
  "_id": {
    "$oid": "691aabf5355fd3db1f8bfe68"
  },
  "title": "Avengers: Endgame",
  "genre": "Action, Adventure, Drama",
  "language": "English",
  "duration": 181,
  "rating": 8.4,
  "description": "After the devastating events of Avengers: Infinity War, the universe is in ruins. With the help of remaining allies, the Avengers assemble once more in order to reverse Thanos' actions.",
  "posterUrl": "https://image.tmdb.org/t/p/w500/or06FN3Dka5tukK1e9sl16pB3iy.jpg"
},
{
  "_id": {
    "$oid": "691aabf5355fd3db1f8bfe69"
  },
  "title": "Spider-Man: No Way Home",
  "genre": "Action, Adventure, Fantasy",
  "language": "English",
  "duration": 148,
  "rating": 8.3,
  "description": "Peter Parker's secret identity is revealed to the entire world. Desperate for help, Peter turns to Doctor Strange to make the world forget that he is Spider-Man.",
  "posterUrl": "https://image.tmdb.org/t/p/w500/1g0dhYtq4irTY1GPXvft6k4YLjm.jpg"
},
{
  "_id": {
    "$oid": "691aabf5355fd3db1f8bfe6a"
  },
  "title": "The Matrix",
  "genre": "Action, Sci-Fi",
  "language": "English",
  "duration": 136,
  "rating": 8.7,
  "description": "A computer hacker learns from mysterious rebels about the true nature of his reality and his role in the war against its controllers.",
  "posterUrl": "https://image.tmdb.org/t/p/w500/f89U3ADr1oiB1s9GkdPOEpXUk5H.jpg"
},
{
  "_id": {
    "$oid": "691aabf5355fd3db1f8bfe6b"
  },
  "title": "Pulp Fiction",
  "genre": "Crime, Drama",
  "language": "English",
  "duration": 154,
  "rating": 8.9,
  "description": "The lives of two mob hitmen, a boxer, a gangster and his wife, and a pair of diner bandits intertwine in four tales of violence and redemption.",
  "posterUrl": "https://image.tmdb.org/t/p/w500/d5iIlFn5s0ImszYzBPb8JPIfbXD.jpg"
},
{
  "_id": {
    "$oid": "691aabf5355fd3db1f8bfe6c"
  },
  "title": "The Shawshank Redemption",
  "genre": "Drama",
  "language": "English",
  "duration": 142,
  "rating": 9.3,
  "description": "Two imprisoned men bond over a number of years, finding solace and eventual redemption through acts of common decency.",
  "posterUrl": "https://image.tmdb.org/t/p/w500/q6y0Go1tsGEsmtFryDOJo3dEmqu.jpg"
},
{
  "_id": {
    "$oid": "691aabf5355fd3db1f8bfe6d"
  },
  "title": "Forrest Gump",
  "genre": "Drama, Romance",
  "language": "English",
  "duration": 142,
  "rating": 8.8,
  "description": "The presidencies of Kennedy and Johnson, the Vietnam War, the Watergate scandal and other historical events unfold from the perspective of an Alabama man with an IQ of 75.",
  "posterUrl": "https://image.tmdb.org/t/p/w500/arw2vcBveWOVZr6pxd9XTd1TdQa.jpg"
},
{
  "_id": {
    "$oid": "691aabf5355fd3db1f8bfe6e"
  },
  "title": "Titanic",
  "genre": "Drama, Romance",
  "language": "English",
  "duration": 194,
  "rating": 7.9,
  "description": "A seventeen-year-old aristocrat falls in love with a kind but poor artist aboard the luxurious, ill-fated R.M.S. Titanic.",
  "posterUrl": "https://image.tmdb.org/t/p/w500/9xjZS2rlVxm8SFx8kPC3aIGCOYQ.jpg"
},
{
  "_id": {
    "$oid": "691aabf5355fd3db1f8bfe6f"
  },
  "title": "The Godfather",
  "genre": "Crime, Drama",
  "language": "English",
  "duration": 175,
  "rating": 9.2,
  "description": "The aging patriarch of an organized crime dynasty transfers control of his clandestine empire to his reluctant son.",
  "posterUrl": "https://image.tmdb.org/t/p/w500/3bhkrj58Vtu7enYsRolD1fZdja1.jpg"
},
{
  "_id": {
    "$oid": "691aabf5355fd3db1f8bfe70"
  },
  "title": "Fight Club",
  "genre": "Drama",
  "language": "English",
  "duration": 139,
  "rating": 8.8,
  "description": "An insomniac office worker and a devil-may-care soapmaker form an underground fight club that evolves into something much, much more.",
  "posterUrl": "https://image.tmdb.org/t/p/w500/pB8BM7pdSp6B6Ih7QZ4DrQ3PmJK.jpg"
},
{
  "_id": {
    "$oid": "691aabf5355fd3db1f8bfe71"
  },
  "title": "Zindagi Na Milegi Dobara",
  "genre": "Comedy, Drama",
  "language": "Hindi",
  "duration": 155,
  "rating": 8.2,
  "description": "Three friends who were inseparable in childhood are just as close as adults, but they have grown apart. They decide to reunite for a three-week-long bachelor road trip to Spain.",
  "posterUrl": "https://image.tmdb.org/t/p/w500/9Rj8l6gElLpRL7Kj17iZhrT5Zuw.jpg"
},
{
  "_id": {
    "$oid": "691aabf5355fd3db1f8bfe72"
  },
  "title": "Gully Boy",
  "genre": "Drama, Music",
  "language": "Hindi",
  "duration": 153,
  "rating": 8,
  "description": "A coming-of-age story based on the lives of street rappers in Mumbai.",
  "posterUrl": "https://image.tmdb.org/t/p/w500/1L7Mk1gF8LdTdpdKfCuUsnm6ZKV.jpg"
},
{
  "_id": {
    "$oid": "691aabf5355fd3db1f8bfe73"
  },
  "title": "Andhadhun",
  "genre": "Comedy, Crime, Thriller",
  "language": "Hindi",
  "duration": 139,
  "rating": 8.3,
  "description": "A series of mysterious events change the life of a blind pianist who now must report a crime that was actually never witnessed by him.",
  "posterUrl": "https://image.tmdb.org/t/p/w500/2CyYH2k0sN5cN4VClH3Z7Yv5Y5L.jpg"
},
{
  "_id": {
    "$oid": "691aabf5355fd3db1f8bfe74"
  },
  "title": "Drishyam",
  "genre": "Crime, Drama, Thriller",
  "language": "Hindi",
  "duration": 163,
  "rating": 8.2,
  "description": "A man goes to extreme lengths to save his family from punishment after the family commits an accidental crime.",
  "posterUrl": "https://image.tmdb.org/t/p/w500/4L2vTPE2N4K7g1f3J3J3J3J3J3J.jpg"
},
{
  "_id": {
    "$oid": "691aabf5355fd3db1f8bfe75"
  },
  "title": "Lagaan",
  "genre": "Drama, Musical, Sport",
  "language": "Hindi",
  "duration": 224,
  "rating": 8.1,
  "description": "The people of a small village in Victorian India stake their future on a game of cricket against their ruthless British rulers.",
  "posterUrl": "https://image.tmdb.org/t/p/w500/5M7j8mJd3j3j3j3j3j3j3j3j3j.jpg"
},
{
  "_id": {
    "$oid": "691aabf5355fd3db1f8bfe76"
  },
  "title": "Taare Zameen Par",
  "genre": "Drama, Family",
  "language": "Hindi",
  "duration": 165,
  "rating": 8.4,
  "description": "An eight-year-old boy is thought to be a lazy trouble-maker, until the new art teacher has the patience and compassion to discover the real problem behind his struggles in school.",
  "posterUrl": "https://image.tmdb.org/t/p/w500/6M7j8mJd3j3j3j3j3j3j3j3j3j.jpg"
},
{
  "_id": {
    "$oid": "691aabf5355fd3db1f8bfe77"
  },
  "title": "Gangs of Wasseypur",
  "genre": "Action, Crime, Drama",
  "language": "Hindi",
  "duration": 320,
  "rating": 8.2,
  "description": "A clash between Sultan and Shahid Khan leads to the expulsion of Khan from Wasseypur, and ignites a deadly blood feud spanning three generations.",
  "posterUrl": "https://image.tmdb.org/t/p/w500/7M8j9mJd3j3j3j3j3j3j3j3j3j.jpg"
}]
